# @generated - this file is auto-generated by `mise lock` https://mise.jdx.dev/dev-tools/mise-lock.html

lockfile_version = 2

[[tools.bun]]
version = "1.3.14"
backend = "core:bun"
specifiers = ["1.3"]

[tools.bun."platforms.linux-arm64"]
checksum = "sha256:a27ffb63a8310375836e0d6f668ae17fa8d8d18b88c37c821c65331973a19a3b"
url = "https://github.com/oven-sh/bun/releases/download/bun-v1.3.14/bun-linux-aarch64.zip"

[tools.bun."platforms.linux-arm64-musl"]
checksum = "sha256:b98e0ad3625c5c00d1d5b5ff55605c7adddbfae151861e68ade57b2d3b8703bb"
url = "https://github.com/oven-sh/bun/releases/download/bun-v1.3.14/bun-linux-aarch64-musl.zip"

[tools.bun."platforms.linux-x64"]
checksum = "sha256:951ee2aee855f08595aeec6225226a298d3fea83a3dcd6465c09cbccdf7e848f"
url = "https://github.com/oven-sh/bun/releases/download/bun-v1.3.14/bun-linux-x64.zip"

[tools.bun."platforms.linux-x64-baseline"]
checksum = "sha256:a063908ae08b7852ca10939bbdc6ceed3ddabce8fb9402dce83d65d73b36e6c7"
url = "https://github.com/oven-sh/bun/releases/download/bun-v1.3.14/bun-linux-x64-baseline.zip"

[tools.bun."platforms.linux-x64-musl"]
checksum = "sha256:14bd9aedeebf1dba67e8def9531c89bc989ecfdf1de42e5bfcaf1b8cd9294719"
url = "https://github.com/oven-sh/bun/releases/download/bun-v1.3.14/bun-linux-x64-musl.zip"

[tools.bun."platforms.linux-x64-musl-baseline"]
checksum = "sha256:56a7d6806cf155536c0178f0ea5fbd098e684fa509ebdb4fc0a7e19fb65382dc"
url = "https://github.com/oven-sh/bun/releases/download/bun-v1.3.14/bun-linux-x64-musl-baseline.zip"

[tools.bun."platforms.macos-arm64"]
checksum = "sha256:d8b96221828ad6f97ac7ac0ab7e95872341af763001e8803e8267652c2652620"
url = "https://github.com/oven-sh/bun/releases/download/bun-v1.3.14/bun-darwin-aarch64.zip"

[tools.bun."platforms.macos-x64"]
checksum = "sha256:4183df3374623e5bab315c547cfa0974533cd457d86b73b639f7a87974cd6633"
url = "https://github.com/oven-sh/bun/releases/download/bun-v1.3.14/bun-darwin-x64.zip"

[tools.bun."platforms.macos-x64-baseline"]
checksum = "sha256:3e35ad6f53971a9834bf9e6786e2adf72b5f1921cc9a9c5fde073d2972944076"
url = "https://github.com/oven-sh/bun/releases/download/bun-v1.3.14/bun-darwin-x64-baseline.zip"

[tools.bun."platforms.windows-x64"]
checksum = "sha256:0a0620930b6675d7ba440e81f4e0e00d3cfbe096c4b140d3fff02205e9e18922"
url = "https://github.com/oven-sh/bun/releases/download/bun-v1.3.14/bun-windows-x64.zip"

[tools.bun."platforms.windows-x64-baseline"]
checksum = "sha256:538f9c846355d9e847b2671bc00c47da4229a0befb24df3282b739770f3b475f"
url = "https://github.com/oven-sh/bun/releases/download/bun-v1.3.14/bun-windows-x64-baseline.zip"

[[tools.just]]
version = "1.48.1"
backend = "aqua:casey/just"
specifiers = ["1.48.1"]

[tools.just."platforms.linux-arm64"]
checksum = "sha256:3308721b991cf88cf2b9bbb3b31ac40550ec61a0c9b6fc011564e25e87964030"
url = "https://github.com/casey/just/releases/download/1.48.1/just-1.48.1-aarch64-unknown-linux-musl.tar.gz"
url_api = "https://api.github.com/repos/casey/just/releases/assets/383279515"

[tools.just."platforms.linux-arm64-musl"]
checksum = "sha256:3308721b991cf88cf2b9bbb3b31ac40550ec61a0c9b6fc011564e25e87964030"
url = "https://github.com/casey/just/releases/download/1.48.1/just-1.48.1-aarch64-unknown-linux-musl.tar.gz"
url_api = "https://api.github.com/repos/casey/just/releases/assets/383279515"

[tools.just."platforms.linux-x64"]
checksum = "sha256:9293e553ce401d1b524bf4e104918f72f268e3f9c6827e0055fe98d84a1b2522"
url = "https://github.com/casey/just/releases/download/1.48.1/just-1.48.1-x86_64-unknown-linux-musl.tar.gz"
url_api = "https://api.github.com/repos/casey/just/releases/assets/383279442"

[tools.just."platforms.linux-x64-musl"]
checksum = "sha256:9293e553ce401d1b524bf4e104918f72f268e3f9c6827e0055fe98d84a1b2522"
url = "https://github.com/casey/just/releases/download/1.48.1/just-1.48.1-x86_64-unknown-linux-musl.tar.gz"
url_api = "https://api.github.com/repos/casey/just/releases/assets/383279442"

[tools.just."platforms.macos-arm64"]
checksum = "sha256:03a73339ff55bcf7411a3c940cdcb0a726d98134b87203c83a9008575434e2a8"
url = "https://github.com/casey/just/releases/download/1.48.1/just-1.48.1-aarch64-apple-darwin.tar.gz"
url_api = "https://api.github.com/repos/casey/just/releases/assets/383279438"

[tools.just."platforms.macos-x64"]
checksum = "sha256:4c3e9c880b8fc93d7fc24abfde3c36b0cc59f6e9f8b31f7175095700f64125a7"
url = "https://github.com/casey/just/releases/download/1.48.1/just-1.48.1-x86_64-apple-darwin.tar.gz"
url_api = "https://api.github.com/repos/casey/just/releases/assets/383279220"

[tools.just."platforms.windows-x64"]
checksum = "sha256:368cd9ca827cba04d9e6fc00f7ad840773c4605b6f64b9f87bdb00325d351029"
url = "https://github.com/casey/just/releases/download/1.48.1/just-1.48.1-x86_64-pc-windows-msvc.zip"
url_api = "https://api.github.com/repos/casey/just/releases/assets/383280471"

[[tools.node]]
version = "24.21.0"
backend = "core:node"
specifiers = ["24"]

[tools.node."platforms.linux-arm64"]
checksum = "sha256:724282c3b43aec998aa9527380465b45d229e021b58035f5f4f63095eabfe5d5"
url = "https://nodejs.org/dist/v24.21.0/node-v24.21.0-linux-arm64.tar.gz"

[tools.node."platforms.linux-arm64-musl"]
checksum = "sha256:3048b0811e158ca0d8672b59c839861763e144492980d8d29b369dfee45747e4"
url = "https://unofficial-builds.nodejs.org/download/release/v24.21.0/node-v24.21.0-linux-arm64-musl.tar.gz"

[tools.node."platforms.linux-x64"]
checksum = "sha256:6e1db87ef58b8819e5d5402eff1536491b18edd8eb7bee5ef7897876e88dc5ff"
url = "https://nodejs.org/dist/v24.21.0/node-v24.21.0-linux-x64.tar.gz"

[tools.node."platforms.linux-x64-musl"]
checksum = "sha256:01a713e34da98e7b4d2a3191ee7ca3f93dd0384d1a2ef23c379b2161ee6e133a"
url = "https://unofficial-builds.nodejs.org/download/release/v24.21.0/node-v24.21.0-linux-x64-musl.tar.gz"

[tools.node."platforms.macos-arm64"]
checksum = "sha256:bed7eea5325e1108f32ce5228ddd6a5f0f08a499ee42aa7442aea583702f6057"
url = "https://nodejs.org/dist/v24.21.0/node-v24.21.0-darwin-arm64.tar.gz"

[tools.node."platforms.macos-x64"]
checksum = "sha256:1462cb3b3046b815cf8ea436d3da450ec1a9f11dac7e5a46b0ada5305d7e8097"
url = "https://nodejs.org/dist/v24.21.0/node-v24.21.0-darwin-x64.tar.gz"

[tools.node."platforms.windows-x64"]
checksum = "sha256:158f7685b44de51f6c0df1d153526cbcd3e1bc739a8dfc607721cef75de9e541"
url = "https://nodejs.org/dist/v24.21.0/node-v24.21.0-win-x64.zip"

[[tools.oxlint]]
version = "1.59.0"
backend = "aqua:oxc-project/oxc/oxlint"
specifiers = ["1.59.0"]

[tools.oxlint."platforms.linux-arm64"]
checksum = "sha256:cac6e1c9e22eab2f84f2412ac2fd0a3869070f54bd5c13c4a6758dff124f3d1f"
url = "https://github.com/oxc-project/oxc/releases/download/apps_v1.59.0/oxlint-aarch64-unknown-linux-gnu.tar.gz"
url_api = "https://api.github.com/repos/oxc-project/oxc/releases/assets/390446943"

[tools.oxlint."platforms.linux-arm64-musl"]
checksum = "sha256:49e1802814f804af7fcc485282690b85a9e6d694e5a4905dc8596a932a1072de"
url = "https://github.com/oxc-project/oxc/releases/download/apps_v1.59.0/oxlint-aarch64-unknown-linux-musl.tar.gz"
url_api = "https://api.github.com/repos/oxc-project/oxc/releases/assets/390446944"

[tools.oxlint."platforms.linux-x64"]
checksum = "sha256:0c0ee88acd519acab2deb4b47785986109fc598df19d34ad6b14c50b39243c0c"
url = "https://github.com/oxc-project/oxc/releases/download/apps_v1.59.0/oxlint-x86_64-unknown-linux-gnu.tar.gz"
url_api = "https://api.github.com/repos/oxc-project/oxc/releases/assets/390446967"

[tools.oxlint."platforms.linux-x64-musl"]
checksum = "sha256:ba6a812d8218f94bacb0e329f631092214b9f690028ccdb98db752b083b2f9f5"
url = "https://github.com/oxc-project/oxc/releases/download/apps_v1.59.0/oxlint-x86_64-unknown-linux-musl.tar.gz"
url_api = "https://api.github.com/repos/oxc-project/oxc/releases/assets/390446973"

[tools.oxlint."platforms.macos-arm64"]
checksum = "sha256:e43c7417adf60c2330a1476d66ee6f93a1d2f921336cda31dca51f836e7742dc"
url = "https://github.com/oxc-project/oxc/releases/download/apps_v1.59.0/oxlint-aarch64-apple-darwin.tar.gz"
url_api = "https://api.github.com/repos/oxc-project/oxc/releases/assets/390446941"

[tools.oxlint."platforms.macos-x64"]
checksum = "sha256:c672ad912f395e219318a0328be4be6bb3db35889c4cd2bfa0fd948c1e8f228e"
url = "https://github.com/oxc-project/oxc/releases/download/apps_v1.59.0/oxlint-x86_64-apple-darwin.tar.gz"
url_api = "https://api.github.com/repos/oxc-project/oxc/releases/assets/390446961"

[tools.oxlint."platforms.windows-x64"]
checksum = "sha256:2a1ff686db47561283b99b6a4414efeb6823035e66728dbe9124ea5ac6762444"
url = "https://github.com/oxc-project/oxc/releases/download/apps_v1.59.0/oxlint-x86_64-pc-windows-msvc.zip"
url_api = "https://api.github.com/repos/oxc-project/oxc/releases/assets/390446962"
